
Microsoft Visual Studio Solution File, Format Version 12.00
# Visual Studio 15
Project("{FAE04EC0-301F-11D3-BF4B-00C04F79EFBC}") = "cryptomonitor_cs", "cryptomonitor_cs\cryptomonitor_cs.csproj", "{A55745F8-9A99-43B8-98EB-FA8EBD554B91}"
EndProject
Global
	GlobalSection(SolutionConfigurationPlatforms) = preSolution
		Debug|Any CPU = Debug|Any CPU
		Release|Any CPU = Release|Any CPU
	EndGlobalSection
	GlobalSection(ProjectConfigurationPlatforms) = postSolution
		{A55745F8-9A99-43B8-98EB-FA8EBD554B91}.Debug|Any CPU.ActiveCfg = Debug|Any CPU
		{A55745F8-9A99-43B8-98EB-FA8EBD554B91}.Debug|Any CPU.Build.0 = Debug|Any CPU
		{A55745F8-9A99-43B8-98EB-FA8EBD554B91}.Release|Any CPU.ActiveCfg = Release|Any CPU
		{A55745F8-9A99-43B8-98EB-FA8EBD554B91}.Release|Any CPU.Build.0 = Release|Any CPU
	EndGlobalSection
EndGlobal
